
Microsoft Visual Studio Solution File, Format Version 12.00
# Visual Studio Version 17
VisualStudioVersion = 17.11.35219.272
MinimumVisualStudioVersion = 10.0.40219.1
Project("{9A19103F-16F7-4668-BE54-9A1E7A4F7556}") = "Clientes1.Api", "Clientes1.Api.csproj", "{D3D3E474-B677-46E5-ABC5-F3FF83AF976F}"
EndProject
Project("{FAE04EC0-301F-11D3-BF4B-00C04F79EFBC}") = "Clientes.Data", "Clientes.Data\Clientes.Data.csproj", "{FCC90B1E-A1DE-416D-B005-FA0DD1C5C1D5}"
EndProject
Project("{FAE04EC0-301F-11D3-BF4B-00C04F79EFBC}") = "Clientes.Services", "Clientes.Services\Clientes.Services.csproj", "{B4142B58-B633-4E69-AF49-DC9032F98434}"
EndProject
Project("{FAE04EC0-301F-11D3-BF4B-00C04F79EFBC}") = "Clientes.Abstractions", "Clientes.Abstractions\Clientes.Abstractions.csproj", "{A4C56FF0-D521-4929-88F9-7B6B7878C090}"
EndProject
Project("{FAE04EC0-301F-11D3-BF4B-00C04F79EFBC}") = "Clientes.Domain", "Clientes.Domain\Clientes.Domain.csproj", "{E9CFDA8E-E4B7-4F71-BF1A-AAAAAEFD5669}"
EndProject
Global
	GlobalSection(SolutionConfigurationPlatforms) = preSolution
		Debug|Any CPU = Debug|Any CPU
		Release|Any CPU = Release|Any CPU
	EndGlobalSection
	GlobalSection(ProjectConfigurationPlatforms) = postSolution
		{D3D3E474-B677-46E5-ABC5-F3FF83AF976F}.Debug|Any CPU.ActiveCfg = Debug|Any CPU
		{D3D3E474-B677-46E5-ABC5-F3FF83AF976F}.Debug|Any CPU.Build.0 = Debug|Any CPU
		{D3D3E474-B677-46E5-ABC5-F3FF83AF976F}.Release|Any CPU.ActiveCfg = Release|Any CPU
		{D3D3E474-B677-46E5-ABC5-F3FF83AF976F}.Release|Any CPU.Build.0 = Release|Any CPU
		{FCC90B1E-A1DE-416D-B005-FA0DD1C5C1D5}.Debug|Any CPU.ActiveCfg = Debug|Any CPU
		{FCC90B1E-A1DE-416D-B005-FA0DD1C5C1D5}.Debug|Any CPU.Build.0 = Debug|Any CPU
		{FCC90B1E-A1DE-416D-B005-FA0DD1C5C1D5}.Release|Any CPU.ActiveCfg = Release|Any CPU
		{FCC90B1E-A1DE-416D-B005-FA0DD1C5C1D5}.Release|Any CPU.Build.0 = Release|Any CPU
		{B4142B58-B633-4E69-AF49-DC9032F98434}.Debug|Any CPU.ActiveCfg = Debug|Any CPU
		{B4142B58-B633-4E69-AF49-DC9032F98434}.Debug|Any CPU.Build.0 = Debug|Any CPU
		{B4142B58-B633-4E69-AF49-DC9032F98434}.Release|Any CPU.ActiveCfg = Release|Any CPU
		{B4142B58-B633-4E69-AF49-DC9032F98434}.Release|Any CPU.Build.0 = Release|Any CPU
		{A4C56FF0-D521-4929-88F9-7B6B7878C090}.Debug|Any CPU.ActiveCfg = Debug|Any CPU
		{A4C56FF0-D521-4929-88F9-7B6B7878C090}.Debug|Any CPU.Build.0 = Debug|Any CPU
		{A4C56FF0-D521-4929-88F9-7B6B7878C090}.Release|Any CPU.ActiveCfg = Release|Any CPU
		{A4C56FF0-D521-4929-88F9-7B6B7878C090}.Release|Any CPU.Build.0 = Release|Any CPU
		{E9CFDA8E-E4B7-4F71-BF1A-AAAAAEFD5669}.Debug|Any CPU.ActiveCfg = Debug|Any CPU
		{E9CFDA8E-E4B7-4F71-BF1A-AAAAAEFD5669}.Debug|Any CPU.Build.0 = Debug|Any CPU
		{E9CFDA8E-E4B7-4F71-BF1A-AAAAAEFD5669}.Release|Any CPU.ActiveCfg = Release|Any CPU
		{E9CFDA8E-E4B7-4F71-BF1A-AAAAAEFD5669}.Release|Any CPU.Build.0 = Release|Any CPU
	EndGlobalSection
	GlobalSection(SolutionProperties) = preSolution
		HideSolutionNode = FALSE
	EndGlobalSection
	GlobalSection(ExtensibilityGlobals) = postSolution
		SolutionGuid = {BFD40BBE-0551-44B5-89E9-1D7BC10B9E75}
	EndGlobalSection
EndGlobal
